// !$*UTF8*$!
{
	archiveVersion = 1;
	classes = {
	};
	objectVersion = 50;
	objects = {

/* Begin PBXBuildFile section */
		4A01E16B268243F4004D7632 /* AuthFieldsView.swift in Sources */ = {isa = PBXBuildFile; fileRef = 4A01E16A268243F4004D7632 /* AuthFieldsView.swift */; };
		4A767BD626735CA90086AC05 /* OnlineBankApp.swift in Sources */ = {isa = PBXBuildFile; fileRef = 4A767BD526735CA90086AC05 /* OnlineBankApp.swift */; };
		4A767BD826735CA90086AC05 /* ContentView.swift in Sources */ = {isa = PBXBuildFile; fileRef = 4A767BD726735CA90086AC05 /* ContentView.swift */; };
		4A767BDA26735CAB0086AC05 /* Assets.xcassets in Resources */ = {isa = PBXBuildFile; fileRef = 4A767BD926735CAB0086AC05 /* Assets.xcassets */; };
		4A767BDD26735CAB0086AC05 /* Preview Assets.xcassets in Resources */ = {isa = PBXBuildFile; fileRef = 4A767BDC26735CAB0086AC05 /* Preview Assets.xcassets */; };
		4A767BE726735FFF0086AC05 /* AuthenticationView.swift in Sources */ = {isa = PBXBuildFile; fileRef = 4A767BE626735FFF0086AC05 /* AuthenticationView.swift */; };
		4A9F42792683757800F74852 /* AuthIconView.swift in Sources */ = {isa = PBXBuildFile; fileRef = 4A9F42782683757800F74852 /* AuthIconView.swift */; };
		4A9F427E26837DD000F74852 /* LoginRequest.swift in Sources */ = {isa = PBXBuildFile; fileRef = 4A9F427D26837DD000F74852 /* LoginRequest.swift */; };
		4A9F428226837DDF00F74852 /* LoginResponse.swift in Sources */ = {isa = PBXBuildFile; fileRef = 4A9F428126837DDF00F74852 /* LoginResponse.swift */; };
		4A9F428526837FB000F74852 /* Login.swift in Sources */ = {isa = PBXBuildFile; fileRef = 4A9F428426837FB000F74852 /* Login.swift */; };
/* End PBXBuildFile section */

/* Begin PBXFileReference section */
		4A01E16A268243F4004D7632 /* AuthFieldsView.swift */ = {isa = PBXFileReference; lastKnownFileType = sourcecode.swift; path = AuthFieldsView.swift; sourceTree = "<group>"; };
		4A767BD226735CA90086AC05 /* OnlineBank.app */ = {isa = PBXFileReference; explicitFileType = wrapper.application; includeInIndex = 0; path = OnlineBank.app; sourceTree = BUILT_PRODUCTS_DIR; };
		4A767BD526735CA90086AC05 /* OnlineBankApp.swift */ = {isa = PBXFileReference; lastKnownFileType = sourcecode.swift; path = OnlineBankApp.swift; sourceTree = "<group>"; };
		4A767BD726735CA90086AC05 /* ContentView.swift */ = {isa = PBXFileReference; lastKnownFileType = sourcecode.swift; path = ContentView.swift; sourceTree = "<group>"; };
		4A767BD926735CAB0086AC05 /* Assets.xcassets */ = {isa = PBXFileReference; lastKnownFileType = folder.assetcatalog; path = Assets.xcassets; sourceTree = "<group>"; };
		4A767BDC26735CAB0086AC05 /* Preview Assets.xcassets */ = {isa = PBXFileReference; lastKnownFileType = folder.assetcatalog; path = "Preview Assets.xcassets"; sourceTree = "<group>"; };
		4A767BDE26735CAB0086AC05 /* Info.plist */ = {isa = PBXFileReference; lastKnownFileType = text.plist.xml; path = Info.plist; sourceTree = "<group>"; };
		4A767BE626735FFF0086AC05 /* AuthenticationView.swift */ = {isa = PBXFileReference; lastKnownFileType = sourcecode.swift; path = AuthenticationView.swift; sourceTree = "<group>"; };
		4A9F42782683757800F74852 /* AuthIconView.swift */ = {isa = PBXFileReference; lastKnownFileType = sourcecode.swift; path = AuthIconView.swift; sourceTree = "<group>"; };
		4A9F427D26837DD000F74852 /* LoginRequest.swift */ = {isa = PBXFileReference; lastKnownFileType = sourcecode.swift; path = LoginRequest.swift; sourceTree = "<group>"; };
		4A9F428126837DDF00F74852 /* LoginResponse.swift */ = {isa = PBXFileReference; lastKnownFileType = sourcecode.swift; path = LoginResponse.swift; sourceTree = "<group>"; };
		4A9F428426837FB000F74852 /* Login.swift */ = {isa = PBXFileReference; lastKnownFileType = sourcecode.swift; path = Login.swift; sourceTree = "<group>"; };
/* End PBXFileReference section */

/* Begin PBXFrameworksBuildPhase section */
		4A767BCF26735CA90086AC05 /* Frameworks */ = {
			isa = PBXFrameworksBuildPhase;
			buildActionMask = 2147483647;
			files = (
			);
			runOnlyForDeploymentPostprocessing = 0;
		};
/* End PBXFrameworksBuildPhase section */

/* Begin PBXGroup section */
		4A01E16D26824400004D7632 /* components */ = {
			isa = PBXGroup;
			children = (
				4A01E16A268243F4004D7632 /* AuthFieldsView.swift */,
				4A9F42782683757800F74852 /* AuthIconView.swift */,
			);
			path = components;
			sourceTree = "<group>";
		};
		4A767BC926735CA90086AC05 = {
			isa = PBXGroup;
			children = (
				4A767BD426735CA90086AC05 /* OnlineBank */,
				4A767BD326735CA90086AC05 /* Products */,
			);
			sourceTree = "<group>";
		};
		4A767BD326735CA90086AC05 /* Products */ = {
			isa = PBXGroup;
			children = (
				4A767BD226735CA90086AC05 /* OnlineBank.app */,
			);
			name = Products;
			sourceTree = "<group>";
		};
		4A767BD426735CA90086AC05 /* OnlineBank */ = {
			isa = PBXGroup;
			children = (
				4A767BE526735F690086AC05 /* authentication */,
				4A767BD526735CA90086AC05 /* OnlineBankApp.swift */,
				4A767BD726735CA90086AC05 /* ContentView.swift */,
				4A767BD926735CAB0086AC05 /* Assets.xcassets */,
				4A767BDE26735CAB0086AC05 /* Info.plist */,
				4A767BDB26735CAB0086AC05 /* Preview Content */,
			);
			path = OnlineBank;
			sourceTree = "<group>";
		};
		4A767BDB26735CAB0086AC05 /* Preview Content */ = {
			isa = PBXGroup;
			children = (
				4A767BDC26735CAB0086AC05 /* Preview Assets.xcassets */,
			);
			path = "Preview Content";
			sourceTree = "<group>";
		};
		4A767BE526735F690086AC05 /* authentication */ = {
			isa = PBXGroup;
			children = (
				4A9F427B26837AB200F74852 /* services */,
				4A01E16D26824400004D7632 /* components */,
				4A767BE626735FFF0086AC05 /* AuthenticationView.swift */,
			);
			path = authentication;
			sourceTree = "<group>";
		};
		4A9F427B26837AB200F74852 /* services */ = {
			isa = PBXGroup;
			children = (
				4A9F428726847E8800F74852 /* use_case */,
				4A9F427C26837DAF00F74852 /* dto */,
			);
			path = services;
			sourceTree = "<group>";
		};
		4A9F427C26837DAF00F74852 /* dto */ = {
			isa = PBXGroup;
			children = (
				4A9F427D26837DD000F74852 /* LoginRequest.swift */,
				4A9F428126837DDF00F74852 /* LoginResponse.swift */,
			);
			path = dto;
			sourceTree = "<group>";
		};
		4A9F428726847E8800F74852 /* use_case */ = {
			isa = PBXGroup;
			children = (
				4A9F428426837FB000F74852 /* Login.swift */,
			);
			path = use_case;
			sourceTree = "<group>";
		};
/* End PBXGroup section */

/* Begin PBXNativeTarget section */
		4A767BD126735CA90086AC05 /* OnlineBank */ = {
			isa = PBXNativeTarget;
			buildConfigurationList = 4A767BE126735CAB0086AC05 /* Build configuration list for PBXNativeTarget "OnlineBank" */;
			buildPhases = (
				4A767BCE26735CA90086AC05 /* Sources */,
				4A767BCF26735CA90086AC05 /* Frameworks */,
				4A767BD026735CA90086AC05 /* Resources */,
			);
			buildRules = (
			);
			dependencies = (
			);
			name = OnlineBank;
			productName = OnlineBank;
			productReference = 4A767BD226735CA90086AC05 /* OnlineBank.app */;
			productType = "com.apple.product-type.application";
		};
/* End PBXNativeTarget section */

/* Begin PBXProject section */
		4A767BCA26735CA90086AC05 /* Project object */ = {
			isa = PBXProject;
			attributes = {
				LastSwiftUpdateCheck = 1240;
				LastUpgradeCheck = 1240;
				TargetAttributes = {
					4A767BD126735CA90086AC05 = {
						CreatedOnToolsVersion = 12.4;
					};
				};
			};
			buildConfigurationList = 4A767BCD26735CA90086AC05 /* Build configuration list for PBXProject "OnlineBank" */;
			compatibilityVersion = "Xcode 9.3";
			developmentRegion = en;
			hasScannedForEncodings = 0;
			knownRegions = (
				en,
				Base,
			);
			mainGroup = 4A767BC926735CA90086AC05;
			productRefGroup = 4A767BD326735CA90086AC05 /* Products */;
			projectDirPath = "";
			projectRoot = "";
			targets = (
				4A767BD126735CA90086AC05 /* OnlineBank */,
			);
		};
/* End PBXProject section */

/* Begin PBXResourcesBuildPhase section */
		4A767BD026735CA90086AC05 /* Resources */ = {
			isa = PBXResourcesBuildPhase;
			buildActionMask = 2147483647;
			files = (
				4A767BDD26735CAB0086AC05 /* Preview Assets.xcassets in Resources */,
				4A767BDA26735CAB0086AC05 /* Assets.xcassets in Resources */,
			);
			runOnlyForDeploymentPostprocessing = 0;
		};
/* End PBXResourcesBuildPhase section */

/* Begin PBXSourcesBuildPhase section */
		4A767BCE26735CA90086AC05 /* Sources */ = {
			isa = PBXSourcesBuildPhase;
			buildActionMask = 2147483647;
			files = (
				4A01E16B268243F4004D7632 /* AuthFieldsView.swift in Sources */,
				4A767BD826735CA90086AC05 /* ContentView.swift in Sources */,
				4A767BD626735CA90086AC05 /* OnlineBankApp.swift in Sources */,
				4A9F427E26837DD000F74852 /* LoginRequest.swift in Sources */,
				4A9F42792683757800F74852 /* AuthIconView.swift in Sources */,
				4A767BE726735FFF0086AC05 /* AuthenticationView.swift in Sources */,
				4A9F428226837DDF00F74852 /* LoginResponse.swift in Sources */,
				4A9F428526837FB000F74852 /* Login.swift in Sources */,
			);
			runOnlyForDeploymentPostprocessing = 0;
		};
/* End PBXSourcesBuildPhase section */

/* Begin XCBuildConfiguration section */
		4A767BDF26735CAB0086AC05 /* Debug */ = {
			isa = XCBuildConfiguration;
			buildSettings = {
				ALWAYS_SEARCH_USER_PATHS = NO;
				CLANG_ANALYZER_NONNULL = YES;
				CLANG_ANALYZER_NUMBER_OBJECT_CONVERSION = YES_AGGRESSIVE;
				CLANG_CXX_LANGUAGE_STANDARD = "gnu++14";
				CLANG_CXX_LIBRARY = "libc++";
				CLANG_ENABLE_MODULES = YES;
				CLANG_ENABLE_OBJC_ARC = YES;
				CLANG_ENABLE_OBJC_WEAK = YES;
				CLANG_WARN_BLOCK_CAPTURE_AUTORELEASING = YES;
				CLANG_WARN_BOOL_CONVERSION = YES;
				CLANG_WARN_COMMA = YES;
				CLANG_WARN_CONSTANT_CONVERSION = YES;
				CLANG_WARN_DEPRECATED_OBJC_IMPLEMENTATIONS = YES;
				CLANG_WARN_DIRECT_OBJC_ISA_USAGE = YES_ERROR;
				CLANG_WARN_DOCUMENTATION_COMMENTS = YES;
				CLANG_WARN_EMPTY_BODY = YES;
				CLANG_WARN_ENUM_CONVERSION = YES;
				CLANG_WARN_INFINITE_RECURSION = YES;
				CLANG_WARN_INT_CONVERSION = YES;
				CLANG_WARN_NON_LITERAL_NULL_CONVERSION = YES;
				CLANG_WARN_OBJC_IMPLICIT_RETAIN_SELF = YES;
				CLANG_WARN_OBJC_LITERAL_CONVERSION = YES;
				CLANG_WARN_OBJC_ROOT_CLASS = YES_ERROR;
				CLANG_WARN_QUOTED_INCLUDE_IN_FRAMEWORK_HEADER = YES;
				CLANG_WARN_RANGE_LOOP_ANALYSIS = YES;
				CLANG_WARN_STRICT_PROTOTYPES = YES;
				CLANG_WARN_SUSPICIOUS_MOVE = YES;
				CLANG_WARN_UNGUARDED_AVAILABILITY = YES_AGGRESSIVE;
				CLANG_WARN_UNREACHABLE_CODE = YES;
				CLANG_WARN__DUPLICATE_METHOD_MATCH = YES;
				COPY_PHASE_STRIP = NO;
				DEBUG_INFORMATION_FORMAT = dwarf;
				ENABLE_STRICT_OBJC_MSGSEND = YES;
				ENABLE_TESTABILITY = YES;
				GCC_C_LANGUAGE_STANDARD = gnu11;
				GCC_DYNAMIC_NO_PIC = NO;
				GCC_NO_COMMON_BLOCKS = YES;
				GCC_OPTIMIZATION_LEVEL = 0;
				GCC_PREPROCESSOR_DEFINITIONS = (
					"DEBUG=1",
					"$(inherited)",
				);
				GCC_WARN_64_TO_32_BIT_CONVERSION = YES;
				GCC_WARN_ABOUT_RETURN_TYPE = YES_ERROR;
				GCC_WARN_UNDECLARED_SELECTOR = YES;
				GCC_WARN_UNINITIALIZED_AUTOS = YES_AGGRESSIVE;
				GCC_WARN_UNUSED_FUNCTION = YES;
				GCC_WARN_UNUSED_VARIABLE = YES;
				IPHONEOS_DEPLOYMENT_TARGET = 14.4;
				MTL_ENABLE_DEBUG_INFO = INCLUDE_SOURCE;
				MTL_FAST_MATH = YES;
				ONLY_ACTIVE_ARCH = YES;
				SDKROOT = iphoneos;
				SWIFT_ACTIVE_COMPILATION_CONDITIONS = DEBUG;
				SWIFT_OPTIMIZATION_LEVEL = "-Onone";
			};
			name = Debug;
		};
		4A767BE026735CAB0086AC05 /* Release */ = {
			isa = XCBuildConfiguration;
			buildSettings = {
				ALWAYS_SEARCH_USER_PATHS = NO;
				CLANG_ANALYZER_NONNULL = YES;
				CLANG_ANALYZER_NUMBER_OBJECT_CONVERSION = YES_AGGRESSIVE;
				CLANG_CXX_LANGUAGE_STANDARD = "gnu++14";
				CLANG_CXX_LIBRARY = "libc++";
				CLANG_ENABLE_MODULES = YES;
				CLANG_ENABLE_OBJC_ARC = YES;
				CLANG_ENABLE_OBJC_WEAK = YES;
				CLANG_WARN_BLOCK_CAPTURE_AUTORELEASING = YES;
				CLANG_WARN_BOOL_CONVERSION = YES;
				CLANG_WARN_COMMA = YES;
				CLANG_WARN_CONSTANT_CONVERSION = YES;
				CLANG_WARN_DEPRECATED_OBJC_IMPLEMENTATIONS = YES;
				CLANG_WARN_DIRECT_OBJC_ISA_USAGE = YES_ERROR;
				CLANG_WARN_DOCUMENTATION_COMMENTS = YES;
				CLANG_WARN_EMPTY_BODY = YES;
				CLANG_WARN_ENUM_CONVERSION = YES;
				CLANG_WARN_INFINITE_RECURSION = YES;
				CLANG_WARN_INT_CONVERSION = YES;
				CLANG_WARN_NON_LITERAL_NULL_CONVERSION = YES;
				CLANG_WARN_OBJC_IMPLICIT_RETAIN_SELF = YES;
				CLANG_WARN_OBJC_LITERAL_CONVERSION = YES;
				CLANG_WARN_OBJC_ROOT_CLASS = YES_ERROR;
				CLANG_WARN_QUOTED_INCLUDE_IN_FRAMEWORK_HEADER = YES;
				CLANG_WARN_RANGE_LOOP_ANALYSIS = YES;
				CLANG_WARN_STRICT_PROTOTYPES = YES;
				CLANG_WARN_SUSPICIOUS_MOVE = YES;
				CLANG_WARN_UNGUARDED_AVAILABILITY = YES_AGGRESSIVE;
				CLANG_WARN_UNREACHABLE_CODE = YES;
				CLANG_WARN__DUPLICATE_METHOD_MATCH = YES;
				COPY_PHASE_STRIP = NO;
				DEBUG_INFORMATION_FORMAT = "dwarf-with-dsym";
				ENABLE_NS_ASSERTIONS = NO;
				ENABLE_STRICT_OBJC_MSGSEND = YES;
				GCC_C_LANGUAGE_STANDARD = gnu11;
				GCC_NO_COMMON_BLOCKS = YES;
				GCC_WARN_64_TO_32_BIT_CONVERSION = YES;
				GCC_WARN_ABOUT_RETURN_TYPE = YES_ERROR;
				GCC_WARN_UNDECLARED_SELECTOR = YES;
				GCC_WARN_UNINITIALIZED_AUTOS = YES_AGGRESSIVE;
				GCC_WARN_UNUSED_FUNCTION = YES;
				GCC_WARN_UNUSED_VARIABLE = YES;
				IPHONEOS_DEPLOYMENT_TARGET = 14.4;
				MTL_ENABLE_DEBUG_INFO = NO;
				MTL_FAST_MATH = YES;
				SDKROOT = iphoneos;
				SWIFT_COMPILATION_MODE = wholemodule;
				SWIFT_OPTIMIZATION_LEVEL = "-O";
				VALIDATE_PRODUCT = YES;
			};
			name = Release;
		};
		4A767BE226735CAB0086AC05 /* Debug */ = {
			isa = XCBuildConfiguration;
			buildSettings = {
				ASSETCATALOG_COMPILER_APPICON_NAME = AppIcon;
				ASSETCATALOG_COMPILER_GLOBAL_ACCENT_COLOR_NAME = AccentColor;
				CODE_SIGN_STYLE = Automatic;
				DEVELOPMENT_ASSET_PATHS = "\"OnlineBank/Preview Content\"";
				ENABLE_PREVIEWS = YES;
				INFOPLIST_FILE = OnlineBank/Info.plist;
				IPHONEOS_DEPLOYMENT_TARGET = 14.0;
				LD_RUNPATH_SEARCH_PATHS = (
					"$(inherited)",
					"@executable_path/Frameworks",
				);
				PRODUCT_BUNDLE_IDENTIFIER = fr.esgi.4al2.OnlineBank;
				PRODUCT_NAME = "$(TARGET_NAME)";
				SWIFT_VERSION = 5.0;
				TARGETED_DEVICE_FAMILY = "1,2";
			};
			name = Debug;
		};
		4A767BE326735CAB0086AC05 /* Release */ = {
			isa = XCBuildConfiguration;
			buildSettings = {
				ASSETCATALOG_COMPILER_APPICON_NAME = AppIcon;
				ASSETCATALOG_COMPILER_GLOBAL_ACCENT_COLOR_NAME = AccentColor;
				CODE_SIGN_STYLE = Automatic;
				DEVELOPMENT_ASSET_PATHS = "\"OnlineBank/Preview Content\"";
				ENABLE_PREVIEWS = YES;
				INFOPLIST_FILE = OnlineBank/Info.plist;
				IPHONEOS_DEPLOYMENT_TARGET = 14.0;
				LD_RUNPATH_SEARCH_PATHS = (
					"$(inherited)",
					"@executable_path/Frameworks",
				);
				PRODUCT_BUNDLE_IDENTIFIER = fr.esgi.4al2.OnlineBank;
				PRODUCT_NAME = "$(TARGET_NAME)";
				SWIFT_VERSION = 5.0;
				TARGETED_DEVICE_FAMILY = "1,2";
			};
			name = Release;
		};
/* End XCBuildConfiguration section */

/* Begin XCConfigurationList section */
		4A767BCD26735CA90086AC05 /* Build configuration list for PBXProject "OnlineBank" */ = {
			isa = XCConfigurationList;
			buildConfigurations = (
				4A767BDF26735CAB0086AC05 /* Debug */,
				4A767BE026735CAB0086AC05 /* Release */,
			);
			defaultConfigurationIsVisible = 0;
			defaultConfigurationName = Release;
		};
		4A767BE126735CAB0086AC05 /* Build configuration list for PBXNativeTarget "OnlineBank" */ = {
			isa = XCConfigurationList;
			buildConfigurations = (
				4A767BE226735CAB0086AC05 /* Debug */,
				4A767BE326735CAB0086AC05 /* Release */,
			);
			defaultConfigurationIsVisible = 0;
			defaultConfigurationName = Release;
		};
/* End XCConfigurationList section */
	};
	rootObject = 4A767BCA26735CA90086AC05 /* Project object */;
}
